
Microsoft Visual Studio Solution File, Format Version 12.00
# Visual Studio Version 16
VisualStudioVersion = 16.0.33927.289
MinimumVisualStudioVersion = 10.0.40219.1
Project("{FAE04EC0-301F-11D3-BF4B-00C04F79EFBC}") = "Tyuiu.BreslavskyaIV.Sprint2.Task0.V20", "Tyuiu.BreslavskyaIV.Sprint2.Task0.V20\Tyuiu.BreslavskyaIV.Sprint2.Task0.V20.csproj", "{8B42872C-EC9E-4A7D-9F8C-0AD251FA8F95}"
EndProject
Project("{2150E333-8FDC-42A3-9474-1A3956D46DE8}") = "Task0", "Task0", "{354D4245-C22B-441C-9786-317C73E91D8F}"
EndProject
Project("{FAE04EC0-301F-11D3-BF4B-00C04F79EFBC}") = "Tyuiu.BreslavskyaIV.Sprint2.Task0.V20.Lib", "Tyuiu.BreslavskyaIV.Sprint2.Task0.V20.Lib\Tyuiu.BreslavskyaIV.Sprint2.Task0.V20.Lib.csproj", "{F4EE16D9-5969-4573-8B5F-0B6EBE84CFFC}"
EndProject
Project("{FAE04EC0-301F-11D3-BF4B-00C04F79EFBC}") = "Tyuiu.BreslavskyaIV.Sprint2.Task0.V20.Test", "Tyuiu.BreslavskyaIV.Sprint2.Task0.V20.Test\Tyuiu.BreslavskyaIV.Sprint2.Task0.V20.Test.csproj", "{64399DC2-CE93-429F-8C1E-DF845F50DA5C}"
EndProject
Project("{2150E333-8FDC-42A3-9474-1A3956D46DE8}") = "Task1", "Task1", "{4BD8B0D5-E90E-4E0A-ABBB-513B0AFF68A7}"
EndProject
Project("{FAE04EC0-301F-11D3-BF4B-00C04F79EFBC}") = "Tyuiu.BreslavskyaIV.Sprint2.Task1.V28.Test", "Tyuiu.BreslavskyaIV.Sprint2.Task1.V28.Test\Tyuiu.BreslavskyaIV.Sprint2.Task1.V28.Test.csproj", "{F855C3EB-7BEF-4F92-93A3-C5E8E8234267}"
EndProject
Project("{FAE04EC0-301F-11D3-BF4B-00C04F79EFBC}") = "Tyuiu.BreslavskyaIV.Sprint2.Task1.V28", "Tyuiu.BreslavskyaIV.Sprint2.Task1.V28\Tyuiu.BreslavskyaIV.Sprint2.Task1.V28.csproj", "{3B54C57F-B2C8-4C3E-9231-A63F758384EA}"
EndProject
Project("{FAE04EC0-301F-11D3-BF4B-00C04F79EFBC}") = "Tyuiu.BreslavskyaIV.Sprint2.Task1.V28.Lib", "Tyuiu.BreslavskyaIV.Sprint2.Task1.V28.Lib\Tyuiu.BreslavskyaIV.Sprint2.Task1.V28.Lib.csproj", "{EE4D6A21-D70E-4B9E-9FC3-94E13F8B8627}"
EndProject
Project("{2150E333-8FDC-42A3-9474-1A3956D46DE8}") = "Task2", "Task2", "{363B403A-720C-47AB-81C7-DA655AA69D39}"
EndProject
Project("{FAE04EC0-301F-11D3-BF4B-00C04F79EFBC}") = "Tyuiu.BreslavskyaIV.Sprint2.Task2.V15.Lib", "Tyuiu.BreslavskyaIV.Sprint2.Task2.V15.Lib\Tyuiu.BreslavskyaIV.Sprint2.Task2.V15.Lib.csproj", "{6952488E-7262-41DC-90B4-7E50485651CF}"
EndProject
Project("{FAE04EC0-301F-11D3-BF4B-00C04F79EFBC}") = "Tyuiu.BreslavskyaIV.Sprint2.Task2.V15", "Tyuiu.BreslavskyaIV.Sprint2.Task2.V15\Tyuiu.BreslavskyaIV.Sprint2.Task2.V15.csproj", "{65629D39-4968-4125-ACB8-C1DD9B2AF349}"
EndProject
Project("{FAE04EC0-301F-11D3-BF4B-00C04F79EFBC}") = "Tyuiu.BreslavskyaIV.Sprint2.Task2.V15.Test", "Tyuiu.BreslavskyaIV.Sprint2.Task2.V15.Test\Tyuiu.BreslavskyaIV.Sprint2.Task2.V15.Test.csproj", "{1D613C55-F86F-46F6-8EA7-224E810D5237}"
EndProject
Project("{2150E333-8FDC-42A3-9474-1A3956D46DE8}") = "Task3", "Task3", "{BCF66503-7D96-42B5-85FE-B7EC5019A2C5}"
EndProject
Project("{FAE04EC0-301F-11D3-BF4B-00C04F79EFBC}") = "Tyuiu.BreslavskyaIV.Sprint2.Task3.V8", "Tyuiu.BreslavskyaIV.Sprint2.Task3.V8\Tyuiu.BreslavskyaIV.Sprint2.Task3.V8.csproj", "{713B2640-F729-4902-90CB-8016C33D9F6D}"
EndProject
Project("{FAE04EC0-301F-11D3-BF4B-00C04F79EFBC}") = "Tyuiu.BreslavskyaIV.Sprint2.Task3.V8.Lib", "Tyuiu.BreslavskyaIV.Sprint2.Task3.V8.Lib\Tyuiu.BreslavskyaIV.Sprint2.Task3.V8.Lib.csproj", "{A9279E4E-793A-4C60-880B-E4DA501A5556}"
EndProject
Project("{FAE04EC0-301F-11D3-BF4B-00C04F79EFBC}") = "Tyuiu.BreslavskyaIV.Sprint2.Task3.V8.Test", "Tyuiu.BreslavskyaIV.Sprint2.Task3.V8.Test\Tyuiu.BreslavskyaIV.Sprint2.Task3.V8.Test.csproj", "{6E49D17E-DAEE-4AE8-A501-C08763FD1C46}"
EndProject
Project("{2150E333-8FDC-42A3-9474-1A3956D46DE8}") = "Task4", "Task4", "{F48AB513-45C2-4C1E-AE3E-5B9F82FD7556}"
EndProject
Project("{FAE04EC0-301F-11D3-BF4B-00C04F79EFBC}") = "Tyuiu.BreslavskyaIV.Sprint2.Task4.V15", "Tyuiu.BreslavskyaIV.Sprint2.Task4.V15\Tyuiu.BreslavskyaIV.Sprint2.Task4.V15.csproj", "{41942F97-4A71-426D-B23B-F7B5CED34F81}"
EndProject
Project("{FAE04EC0-301F-11D3-BF4B-00C04F79EFBC}") = "Tyuiu.BreslavskyaIV.Sprint2.Task4.V15.Lib", "Tyuiu.BreslavskyaIV.Sprint2.Task4.V15.Lib\Tyuiu.BreslavskyaIV.Sprint2.Task4.V15.Lib.csproj", "{EE5637F6-8B35-4B0D-9856-9634F0BB60B1}"
EndProject
Project("{FAE04EC0-301F-11D3-BF4B-00C04F79EFBC}") = "Tyuiu.BreslavskyaIV.Sprint2.Task4.V15.Test", "Tyuiu.BreslavskyaIV.Sprint2.Task4.V15.Test\Tyuiu.BreslavskyaIV.Sprint2.Task4.V15.Test.csproj", "{D069DCCA-AB98-4780-B6CD-DD560E9D4725}"
EndProject
Project("{2150E333-8FDC-42A3-9474-1A3956D46DE8}") = "Task5", "Task5", "{AD7E8C88-BF3F-4EC5-ACF3-F840EAA9EA9D}"
EndProject
Project("{FAE04EC0-301F-11D3-BF4B-00C04F79EFBC}") = "Tyuiu.BreslavskyaIV.Sprint2.Task5.V12", "Tyuiu.BreslavskyaIV.Sprint2.Task5.V12\Tyuiu.BreslavskyaIV.Sprint2.Task5.V12.csproj", "{FE9E8A8D-1D9D-4885-BC90-12F23CD4C541}"
EndProject
Project("{FAE04EC0-301F-11D3-BF4B-00C04F79EFBC}") = "Tyuiu.BreslavskyaIV.Sprint2.Task5.V12.Lib", "Tyuiu.BreslavskyaIV.Sprint2.Task5.V12.Lib\Tyuiu.BreslavskyaIV.Sprint2.Task5.V12.Lib.csproj", "{CA75F6BB-6318-4EFD-8E95-C18E882F24B3}"
EndProject
Project("{FAE04EC0-301F-11D3-BF4B-00C04F79EFBC}") = "Tyuiu.BreslavskyaIV.Sprint2.Task5.V12.Test", "Tyuiu.BreslavskyaIV.Sprint2.Task5.V12.Test\Tyuiu.BreslavskyaIV.Sprint2.Task5.V12.Test.csproj", "{4D312DF3-732C-4A42-AAEA-DFDD6A698E9E}"
EndProject
Global
	GlobalSection(SolutionConfigurationPlatforms) = preSolution
		Debug|Any CPU = Debug|Any CPU
		Release|Any CPU = Release|Any CPU
	EndGlobalSection
	GlobalSection(ProjectConfigurationPlatforms) = postSolution
		{8B42872C-EC9E-4A7D-9F8C-0AD251FA8F95}.Debug|Any CPU.ActiveCfg = Debug|Any CPU
		{8B42872C-EC9E-4A7D-9F8C-0AD251FA8F95}.Debug|Any CPU.Build.0 = Debug|Any CPU
		{8B42872C-EC9E-4A7D-9F8C-0AD251FA8F95}.Release|Any CPU.ActiveCfg = Release|Any CPU
		{8B42872C-EC9E-4A7D-9F8C-0AD251FA8F95}.Release|Any CPU.Build.0 = Release|Any CPU
		{F4EE16D9-5969-4573-8B5F-0B6EBE84CFFC}.Debug|Any CPU.ActiveCfg = Debug|Any CPU
		{F4EE16D9-5969-4573-8B5F-0B6EBE84CFFC}.Debug|Any CPU.Build.0 = Debug|Any CPU
		{F4EE16D9-5969-4573-8B5F-0B6EBE84CFFC}.Release|Any CPU.ActiveCfg = Release|Any CPU
		{F4EE16D9-5969-4573-8B5F-0B6EBE84CFFC}.Release|Any CPU.Build.0 = Release|Any CPU
		{64399DC2-CE93-429F-8C1E-DF845F50DA5C}.Debug|Any CPU.ActiveCfg = Debug|Any CPU
		{64399DC2-CE93-429F-8C1E-DF845F50DA5C}.Debug|Any CPU.Build.0 = Debug|Any CPU
		{64399DC2-CE93-429F-8C1E-DF845F50DA5C}.Release|Any CPU.ActiveCfg = Release|Any CPU
		{64399DC2-CE93-429F-8C1E-DF845F50DA5C}.Release|Any CPU.Build.0 = Release|Any CPU
		{F855C3EB-7BEF-4F92-93A3-C5E8E8234267}.Debug|Any CPU.ActiveCfg = Debug|Any CPU
		{F855C3EB-7BEF-4F92-93A3-C5E8E8234267}.Debug|Any CPU.Build.0 = Debug|Any CPU
		{F855C3EB-7BEF-4F92-93A3-C5E8E8234267}.Release|Any CPU.ActiveCfg = Release|Any CPU
		{F855C3EB-7BEF-4F92-93A3-C5E8E8234267}.Release|Any CPU.Build.0 = Release|Any CPU
		{3B54C57F-B2C8-4C3E-9231-A63F758384EA}.Debug|Any CPU.ActiveCfg = Debug|Any CPU
		{3B54C57F-B2C8-4C3E-9231-A63F758384EA}.Debug|Any CPU.Build.0 = Debug|Any CPU
		{3B54C57F-B2C8-4C3E-9231-A63F758384EA}.Release|Any CPU.ActiveCfg = Release|Any CPU
		{3B54C57F-B2C8-4C3E-9231-A63F758384EA}.Release|Any CPU.Build.0 = Release|Any CPU
		{EE4D6A21-D70E-4B9E-9FC3-94E13F8B8627}.Debug|Any CPU.ActiveCfg = Debug|Any CPU
		{EE4D6A21-D70E-4B9E-9FC3-94E13F8B8627}.Debug|Any CPU.Build.0 = Debug|Any CPU
		{EE4D6A21-D70E-4B9E-9FC3-94E13F8B8627}.Release|Any CPU.ActiveCfg = Release|Any CPU
		{EE4D6A21-D70E-4B9E-9FC3-94E13F8B8627}.Release|Any CPU.Build.0 = Release|Any CPU
		{6952488E-7262-41DC-90B4-7E50485651CF}.Debug|Any CPU.ActiveCfg = Debug|Any CPU
		{6952488E-7262-41DC-90B4-7E50485651CF}.Debug|Any CPU.Build.0 = Debug|Any CPU
		{6952488E-7262-41DC-90B4-7E50485651CF}.Release|Any CPU.ActiveCfg = Release|Any CPU
		{6952488E-7262-41DC-90B4-7E50485651CF}.Release|Any CPU.Build.0 = Release|Any CPU
		{65629D39-4968-4125-ACB8-C1DD9B2AF349}.Debug|Any CPU.ActiveCfg = Debug|Any CPU
		{65629D39-4968-4125-ACB8-C1DD9B2AF349}.Debug|Any CPU.Build.0 = Debug|Any CPU
		{65629D39-4968-4125-ACB8-C1DD9B2AF349}.Release|Any CPU.ActiveCfg = Release|Any CPU
		{65629D39-4968-4125-ACB8-C1DD9B2AF349}.Release|Any CPU.Build.0 = Release|Any CPU
		{1D613C55-F86F-46F6-8EA7-224E810D5237}.Debug|Any CPU.ActiveCfg = Debug|Any CPU
		{1D613C55-F86F-46F6-8EA7-224E810D5237}.Debug|Any CPU.Build.0 = Debug|Any CPU
		{1D613C55-F86F-46F6-8EA7-224E810D5237}.Release|Any CPU.ActiveCfg = Release|Any CPU
		{1D613C55-F86F-46F6-8EA7-224E810D5237}.Release|Any CPU.Build.0 = Release|Any CPU
		{713B2640-F729-4902-90CB-8016C33D9F6D}.Debug|Any CPU.ActiveCfg = Debug|Any CPU
		{713B2640-F729-4902-90CB-8016C33D9F6D}.Debug|Any CPU.Build.0 = Debug|Any CPU
		{713B2640-F729-4902-90CB-8016C33D9F6D}.Release|Any CPU.ActiveCfg = Release|Any CPU
		{713B2640-F729-4902-90CB-8016C33D9F6D}.Release|Any CPU.Build.0 = Release|Any CPU
		{A9279E4E-793A-4C60-880B-E4DA501A5556}.Debug|Any CPU.ActiveCfg = Debug|Any CPU
		{A9279E4E-793A-4C60-880B-E4DA501A5556}.Debug|Any CPU.Build.0 = Debug|Any CPU
		{A9279E4E-793A-4C60-880B-E4DA501A5556}.Release|Any CPU.ActiveCfg = Release|Any CPU
		{A9279E4E-793A-4C60-880B-E4DA501A5556}.Release|Any CPU.Build.0 = Release|Any CPU
		{6E49D17E-DAEE-4AE8-A501-C08763FD1C46}.Debug|Any CPU.ActiveCfg = Debug|Any CPU
		{6E49D17E-DAEE-4AE8-A501-C08763FD1C46}.Debug|Any CPU.Build.0 = Debug|Any CPU
		{6E49D17E-DAEE-4AE8-A501-C08763FD1C46}.Release|Any CPU.ActiveCfg = Release|Any CPU
		{6E49D17E-DAEE-4AE8-A501-C08763FD1C46}.Release|Any CPU.Build.0 = Release|Any CPU
		{41942F97-4A71-426D-B23B-F7B5CED34F81}.Debug|Any CPU.ActiveCfg = Debug|Any CPU
		{41942F97-4A71-426D-B23B-F7B5CED34F81}.Debug|Any CPU.Build.0 = Debug|Any CPU
		{41942F97-4A71-426D-B23B-F7B5CED34F81}.Release|Any CPU.ActiveCfg = Release|Any CPU
		{41942F97-4A71-426D-B23B-F7B5CED34F81}.Release|Any CPU.Build.0 = Release|Any CPU
		{EE5637F6-8B35-4B0D-9856-9634F0BB60B1}.Debug|Any CPU.ActiveCfg = Debug|Any CPU
		{EE5637F6-8B35-4B0D-9856-9634F0BB60B1}.Debug|Any CPU.Build.0 = Debug|Any CPU
		{EE5637F6-8B35-4B0D-9856-9634F0BB60B1}.Release|Any CPU.ActiveCfg = Release|Any CPU
		{EE5637F6-8B35-4B0D-9856-9634F0BB60B1}.Release|Any CPU.Build.0 = Release|Any CPU
		{D069DCCA-AB98-4780-B6CD-DD560E9D4725}.Debug|Any CPU.ActiveCfg = Debug|Any CPU
		{D069DCCA-AB98-4780-B6CD-DD560E9D4725}.Debug|Any CPU.Build.0 = Debug|Any CPU
		{D069DCCA-AB98-4780-B6CD-DD560E9D4725}.Release|Any CPU.ActiveCfg = Release|Any CPU
		{D069DCCA-AB98-4780-B6CD-DD560E9D4725}.Release|Any CPU.Build.0 = Release|Any CPU
		{FE9E8A8D-1D9D-4885-BC90-12F23CD4C541}.Debug|Any CPU.ActiveCfg = Debug|Any CPU
		{FE9E8A8D-1D9D-4885-BC90-12F23CD4C541}.Debug|Any CPU.Build.0 = Debug|Any CPU
		{FE9E8A8D-1D9D-4885-BC90-12F23CD4C541}.Release|Any CPU.ActiveCfg = Release|Any CPU
		{FE9E8A8D-1D9D-4885-BC90-12F23CD4C541}.Release|Any CPU.Build.0 = Release|Any CPU
		{CA75F6BB-6318-4EFD-8E95-C18E882F24B3}.Debug|Any CPU.ActiveCfg = Debug|Any CPU
		{CA75F6BB-6318-4EFD-8E95-C18E882F24B3}.Debug|Any CPU.Build.0 = Debug|Any CPU
		{CA75F6BB-6318-4EFD-8E95-C18E882F24B3}.Release|Any CPU.ActiveCfg = Release|Any CPU
		{CA75F6BB-6318-4EFD-8E95-C18E882F24B3}.Release|Any CPU.Build.0 = Release|Any CPU
		{4D312DF3-732C-4A42-AAEA-DFDD6A698E9E}.Debug|Any CPU.ActiveCfg = Debug|Any CPU
		{4D312DF3-732C-4A42-AAEA-DFDD6A698E9E}.Debug|Any CPU.Build.0 = Debug|Any CPU
		{4D312DF3-732C-4A42-AAEA-DFDD6A698E9E}.Release|Any CPU.ActiveCfg = Release|Any CPU
		{4D312DF3-732C-4A42-AAEA-DFDD6A698E9E}.Release|Any CPU.Build.0 = Release|Any CPU
	EndGlobalSection
	GlobalSection(SolutionProperties) = preSolution
		HideSolutionNode = FALSE
	EndGlobalSection
	GlobalSection(NestedProjects) = preSolution
		{8B42872C-EC9E-4A7D-9F8C-0AD251FA8F95} = {354D4245-C22B-441C-9786-317C73E91D8F}
		{F4EE16D9-5969-4573-8B5F-0B6EBE84CFFC} = {354D4245-C22B-441C-9786-317C73E91D8F}
		{64399DC2-CE93-429F-8C1E-DF845F50DA5C} = {354D4245-C22B-441C-9786-317C73E91D8F}
		{F855C3EB-7BEF-4F92-93A3-C5E8E8234267} = {4BD8B0D5-E90E-4E0A-ABBB-513B0AFF68A7}
		{3B54C57F-B2C8-4C3E-9231-A63F758384EA} = {4BD8B0D5-E90E-4E0A-ABBB-513B0AFF68A7}
		{EE4D6A21-D70E-4B9E-9FC3-94E13F8B8627} = {4BD8B0D5-E90E-4E0A-ABBB-513B0AFF68A7}
		{6952488E-7262-41DC-90B4-7E50485651CF} = {363B403A-720C-47AB-81C7-DA655AA69D39}
		{65629D39-4968-4125-ACB8-C1DD9B2AF349} = {363B403A-720C-47AB-81C7-DA655AA69D39}
		{1D613C55-F86F-46F6-8EA7-224E810D5237} = {363B403A-720C-47AB-81C7-DA655AA69D39}
		{713B2640-F729-4902-90CB-8016C33D9F6D} = {BCF66503-7D96-42B5-85FE-B7EC5019A2C5}
		{A9279E4E-793A-4C60-880B-E4DA501A5556} = {BCF66503-7D96-42B5-85FE-B7EC5019A2C5}
		{6E49D17E-DAEE-4AE8-A501-C08763FD1C46} = {BCF66503-7D96-42B5-85FE-B7EC5019A2C5}
		{41942F97-4A71-426D-B23B-F7B5CED34F81} = {F48AB513-45C2-4C1E-AE3E-5B9F82FD7556}
		{EE5637F6-8B35-4B0D-9856-9634F0BB60B1} = {F48AB513-45C2-4C1E-AE3E-5B9F82FD7556}
		{D069DCCA-AB98-4780-B6CD-DD560E9D4725} = {F48AB513-45C2-4C1E-AE3E-5B9F82FD7556}
		{FE9E8A8D-1D9D-4885-BC90-12F23CD4C541} = {AD7E8C88-BF3F-4EC5-ACF3-F840EAA9EA9D}
		{CA75F6BB-6318-4EFD-8E95-C18E882F24B3} = {AD7E8C88-BF3F-4EC5-ACF3-F840EAA9EA9D}
		{4D312DF3-732C-4A42-AAEA-DFDD6A698E9E} = {AD7E8C88-BF3F-4EC5-ACF3-F840EAA9EA9D}
	EndGlobalSection
	GlobalSection(ExtensibilityGlobals) = postSolution
		SolutionGuid = {940D1DEE-72D2-4C1D-9FE9-8D8D0CFE6F20}
	EndGlobalSection
EndGlobal
